Microsoft Visual Studio Solution File, Format Version 12.00
# Visual Studio Version 17
VisualStudioVersion = 17.0.31903.59
MinimumVisualStudioVersion = 10.0.40219.1
Project("{2150E333-8FDC-42A3-9474-1A3956D46DE8}") = "src", "src", "{A25F7A11-F62D-4FE2-8E3D-B840762D9882}"
EndProject
Project("{911080c5-b786-44ac-ba7a-e72d3fd9b5ec}") = "ExampleSdk", "src\ExampleSdk\ExampleSdk.csproj", "{95E3000B-D83E-460D-B2FF-DF19EA948B30}"
EndProject
Project("{FAE04EC0-301F-11D3-BF4B-00C04F79EFBC}") = "ExampleSdk.Tests", "src\ExampleSdk.Tests\ExampleSdkTests.csproj", "{519F6785-F165-450B-B925-62B02F4CD8E6}"
EndProject
Global
    GlobalSection(SolutionConfigurationPlatforms) = preSolution
        Debug|Any CPU = Debug|Any CPU
        Release|Any CPU = Release|Any CPU
    EndGlobalSection
    GlobalSection(SolutionProperties) = preSolution
        HideSolutionNode = FALSE
    EndGlobalSection
    GlobalSection(ProjectConfigurationPlatforms) = postSolution
        {95E3000B-D83E-460D-B2FF-DF19EA948B30}.Debug|Any CPU.ActiveCfg = Debug|Any CPU
        {95E3000B-D83E-460D-B2FF-DF19EA948B30}.Debug|Any CPU.Build.0 = Debug|Any CPU
        {95E3000B-D83E-460D-B2FF-DF19EA948B30}.Release|Any CPU.ActiveCfg = Release|Any CPU
        {95E3000B-D83E-460D-B2FF-DF19EA948B30}.Release|Any CPU.Build.0 = Release|Any CPU
    EndGlobalSection
    GlobalSection(NestedProjects) = preSolution
        {95E3000B-D83E-460D-B2FF-DF19EA948B30} = {A25F7A11-F62D-4FE2-8E3D-B840762D9882}
    {519F6785-F165-450B-B925-62B02F4CD8E6} = {A25F7A11-F62D-4FE2-8E3D-B840762D9882}
    EndGlobalSection
EndGlobal
